
Microsoft Visual Studio Solution File, Format Version 12.00
# Visual Studio Version 16
VisualStudioVersion = 16.0.31624.102
MinimumVisualStudioVersion = 10.0.40219.1
Project("{FAE04EC0-301F-11D3-BF4B-00C04F79EFBC}") = "PalindromeCharArray", "PalindromeCharArray.csproj", "{DE0BE531-225E-4752-8E78-4C383D537AAD}"
EndProject
Global
	GlobalSection(SolutionConfigurationPlatforms) = preSolution
		Debug|Any CPU = Debug|Any CPU
		Release|Any CPU = Release|Any CPU
	EndGlobalSection
	GlobalSection(ProjectConfigurationPlatforms) = postSolution
		{DE0BE531-225E-4752-8E78-4C383D537AAD}.Debug|Any CPU.ActiveCfg = Debug|Any CPU
		{DE0BE531-225E-4752-8E78-4C383D537AAD}.Debug|Any CPU.Build.0 = Debug|Any CPU
		{DE0BE531-225E-4752-8E78-4C383D537AAD}.Release|Any CPU.ActiveCfg = Release|Any CPU
		{DE0BE531-225E-4752-8E78-4C383D537AAD}.Release|Any CPU.Build.0 = Release|Any CPU
	EndGlobalSection
	GlobalSection(SolutionProperties) = preSolution
		HideSolutionNode = FALSE
	EndGlobalSection
	GlobalSection(ExtensibilityGlobals) = postSolution
		SolutionGuid = {6EFFC34A-FC7C-4CA9-B847-0F20D87509AE}
	EndGlobalSection
EndGlobal
